
Microsoft Visual Studio Solution File, Format Version 12.00
# Visual Studio Version 17
VisualStudioVersion = 17.12.35728.132
MinimumVisualStudioVersion = 10.0.40219.1
Project("{2150E333-8FDC-42A3-9474-1A3956D46DE8}") = "FrontEnd", "FrontEnd", "{AA2998EA-E334-4F87-8351-5E906D961A00}"
EndProject
Project("{2150E333-8FDC-42A3-9474-1A3956D46DE8}") = "Gateway", "Gateway", "{21BD3C0A-395E-4EDB-BD5E-2325B6400A74}"
EndProject
Project("{2150E333-8FDC-42A3-9474-1A3956D46DE8}") = "Integration", "Integration", "{C6E3D3AF-AD4B-41A0-BA73-27F9CA9BE17B}"
EndProject
Project("{2150E333-8FDC-42A3-9474-1A3956D46DE8}") = "Services", "Services", "{DA18366E-99B4-4810-9D93-1319C618A202}"
EndProject
Project("{FAE04EC0-301F-11D3-BF4B-00C04F79EFBC}") = "Zomato.Services.CoupenAPI", "Zomato.Services.CoupenAPI\Zomato.Services.CoupenAPI.csproj", "{B9C55E95-F6B0-48D2-80E8-0A9C7E39C0E3}"
EndProject
Project("{FAE04EC0-301F-11D3-BF4B-00C04F79EFBC}") = "Zomato.Web", "Zomato.Web\Zomato.Web.csproj", "{830AC9D2-6A31-42C7-9BD3-2F0AB08F9F50}"
EndProject
Project("{FAE04EC0-301F-11D3-BF4B-00C04F79EFBC}") = "Zomato.Services.AuthAPI", "Zomato.Services.AuthAPI\Zomato.Services.AuthAPI.csproj", "{812C810E-B868-473C-B82A-F0EDB0E72D28}"
EndProject
Project("{FAE04EC0-301F-11D3-BF4B-00C04F79EFBC}") = "Zomato.Services.ProductAPI", "Zomato.Services.ProductAPI\Zomato.Services.ProductAPI.csproj", "{48E1F7DB-E985-4FC6-88D8-6ED4FB87473A}"
EndProject
Project("{FAE04EC0-301F-11D3-BF4B-00C04F79EFBC}") = "Zomato.Services.CartAPI", "Zomato.Services.ShoppingCartAPI\Zomato.Services.CartAPI.csproj", "{4C2A9B69-16D8-4DD2-82F3-C07E2785B800}"
EndProject
Project("{FAE04EC0-301F-11D3-BF4B-00C04F79EFBC}") = "Zomato.MessageBus", "MessageBus\Zomato.MessageBus.csproj", "{08BE5AA4-BF55-424C-8E3F-BC4D0A9FBCAE}"
EndProject
Project("{FAE04EC0-301F-11D3-BF4B-00C04F79EFBC}") = "Zomato.GatewaySolution", "Zomato.GatewaySolution\Zomato.GatewaySolution.csproj", "{6BF9B210-4D35-4CF0-A565-C60950AA87B4}"
EndProject
Global
	GlobalSection(SolutionConfigurationPlatforms) = preSolution
		Debug|Any CPU = Debug|Any CPU
		Release|Any CPU = Release|Any CPU
	EndGlobalSection
	GlobalSection(ProjectConfigurationPlatforms) = postSolution
		{B9C55E95-F6B0-48D2-80E8-0A9C7E39C0E3}.Debug|Any CPU.ActiveCfg = Debug|Any CPU
		{B9C55E95-F6B0-48D2-80E8-0A9C7E39C0E3}.Debug|Any CPU.Build.0 = Debug|Any CPU
		{B9C55E95-F6B0-48D2-80E8-0A9C7E39C0E3}.Release|Any CPU.ActiveCfg = Release|Any CPU
		{B9C55E95-F6B0-48D2-80E8-0A9C7E39C0E3}.Release|Any CPU.Build.0 = Release|Any CPU
		{830AC9D2-6A31-42C7-9BD3-2F0AB08F9F50}.Debug|Any CPU.ActiveCfg = Debug|Any CPU
		{830AC9D2-6A31-42C7-9BD3-2F0AB08F9F50}.Debug|Any CPU.Build.0 = Debug|Any CPU
		{830AC9D2-6A31-42C7-9BD3-2F0AB08F9F50}.Release|Any CPU.ActiveCfg = Release|Any CPU
		{830AC9D2-6A31-42C7-9BD3-2F0AB08F9F50}.Release|Any CPU.Build.0 = Release|Any CPU
		{812C810E-B868-473C-B82A-F0EDB0E72D28}.Debug|Any CPU.ActiveCfg = Debug|Any CPU
		{812C810E-B868-473C-B82A-F0EDB0E72D28}.Debug|Any CPU.Build.0 = Debug|Any CPU
		{812C810E-B868-473C-B82A-F0EDB0E72D28}.Release|Any CPU.ActiveCfg = Release|Any CPU
		{812C810E-B868-473C-B82A-F0EDB0E72D28}.Release|Any CPU.Build.0 = Release|Any CPU
		{48E1F7DB-E985-4FC6-88D8-6ED4FB87473A}.Debug|Any CPU.ActiveCfg = Debug|Any CPU
		{48E1F7DB-E985-4FC6-88D8-6ED4FB87473A}.Debug|Any CPU.Build.0 = Debug|Any CPU
		{48E1F7DB-E985-4FC6-88D8-6ED4FB87473A}.Release|Any CPU.ActiveCfg = Release|Any CPU
		{48E1F7DB-E985-4FC6-88D8-6ED4FB87473A}.Release|Any CPU.Build.0 = Release|Any CPU
		{4C2A9B69-16D8-4DD2-82F3-C07E2785B800}.Debug|Any CPU.ActiveCfg = Debug|Any CPU
		{4C2A9B69-16D8-4DD2-82F3-C07E2785B800}.Debug|Any CPU.Build.0 = Debug|Any CPU
		{4C2A9B69-16D8-4DD2-82F3-C07E2785B800}.Release|Any CPU.ActiveCfg = Release|Any CPU
		{4C2A9B69-16D8-4DD2-82F3-C07E2785B800}.Release|Any CPU.Build.0 = Release|Any CPU
		{08BE5AA4-BF55-424C-8E3F-BC4D0A9FBCAE}.Debug|Any CPU.ActiveCfg = Debug|Any CPU
		{08BE5AA4-BF55-424C-8E3F-BC4D0A9FBCAE}.Debug|Any CPU.Build.0 = Debug|Any CPU
		{08BE5AA4-BF55-424C-8E3F-BC4D0A9FBCAE}.Release|Any CPU.ActiveCfg = Release|Any CPU
		{08BE5AA4-BF55-424C-8E3F-BC4D0A9FBCAE}.Release|Any CPU.Build.0 = Release|Any CPU
		{6BF9B210-4D35-4CF0-A565-C60950AA87B4}.Debug|Any CPU.ActiveCfg = Debug|Any CPU
		{6BF9B210-4D35-4CF0-A565-C60950AA87B4}.Debug|Any CPU.Build.0 = Debug|Any CPU
		{6BF9B210-4D35-4CF0-A565-C60950AA87B4}.Release|Any CPU.ActiveCfg = Release|Any CPU
		{6BF9B210-4D35-4CF0-A565-C60950AA87B4}.Release|Any CPU.Build.0 = Release|Any CPU
	EndGlobalSection
	GlobalSection(SolutionProperties) = preSolution
		HideSolutionNode = FALSE
	EndGlobalSection
	GlobalSection(NestedProjects) = preSolution
		{B9C55E95-F6B0-48D2-80E8-0A9C7E39C0E3} = {DA18366E-99B4-4810-9D93-1319C618A202}
		{830AC9D2-6A31-42C7-9BD3-2F0AB08F9F50} = {AA2998EA-E334-4F87-8351-5E906D961A00}
		{812C810E-B868-473C-B82A-F0EDB0E72D28} = {DA18366E-99B4-4810-9D93-1319C618A202}
		{48E1F7DB-E985-4FC6-88D8-6ED4FB87473A} = {DA18366E-99B4-4810-9D93-1319C618A202}
		{4C2A9B69-16D8-4DD2-82F3-C07E2785B800} = {DA18366E-99B4-4810-9D93-1319C618A202}
		{08BE5AA4-BF55-424C-8E3F-BC4D0A9FBCAE} = {C6E3D3AF-AD4B-41A0-BA73-27F9CA9BE17B}
		{6BF9B210-4D35-4CF0-A565-C60950AA87B4} = {21BD3C0A-395E-4EDB-BD5E-2325B6400A74}
	EndGlobalSection
EndGlobal
